lockfileVersion: '9.0'

settings:
  autoInstallPeers: true
  excludeLinksFromLockfile: false

importers:

  .:
    dependencies:
      openai:
        specifier: 6.41.0
        version: 6.41.0

packages:

  openai@6.41.0:
    resolution: {integrity: sha512-IGWPopZq6Rjoynjfb3NSLf/z2MTw7UiOsm9TAjPGAjUESH7Uq41Trg4QWehBEn58p74i+m7uoRPV2vXcpPXhyA==}
    peerDependencies:
      ws: ^8.18.0
      zod: ^3.25 || ^4.0
    peerDependenciesMeta:
      ws:
        optional: true
      zod:
        optional: true

snapshots:

  openai@6.41.0: {}
